
Microsoft Visual Studio Solution File, Format Version 12.00
# Visual Studio 15
VisualStudioVersion = 15.0.28307.136
MinimumVisualStudioVersion = 10.0.40219.1
Project("{FAE04EC0-301F-11D3-BF4B-00C04F79EFBC}") = "ProductPlacement", "ProductPlacement\ProductPlacement.csproj", "{D09A07E7-074D-4AD2-B0A8-CA6BAAF2F502}"
EndProject
Global
	GlobalSection(SolutionConfigurationPlatforms) = preSolution
		Debug|Any CPU = Debug|Any CPU
		Release|Any CPU = Release|Any CPU
	EndGlobalSection
	GlobalSection(ProjectConfigurationPlatforms) = postSolution
		{D09A07E7-074D-4AD2-B0A8-CA6BAAF2F502}.Debug|Any CPU.ActiveCfg = Debug|Any CPU
		{D09A07E7-074D-4AD2-B0A8-CA6BAAF2F502}.Debug|Any CPU.Build.0 = Debug|Any CPU
		{D09A07E7-074D-4AD2-B0A8-CA6BAAF2F502}.Release|Any CPU.ActiveCfg = Release|Any CPU
		{D09A07E7-074D-4AD2-B0A8-CA6BAAF2F502}.Release|Any CPU.Build.0 = Release|Any CPU
	EndGlobalSection
	GlobalSection(SolutionProperties) = preSolution
		HideSolutionNode = FALSE
	EndGlobalSection
	GlobalSection(ExtensibilityGlobals) = postSolution
		SolutionGuid = {5341E9A3-581C-416A-9699-D0B86DE906AA}
	EndGlobalSection
EndGlobal
